PODS:
  - FBSDKCoreKit (7.1.1):
    - FBSDKCoreKit/Basics (= 7.1.1)
    - FBSDKCoreKit/Core (= 7.1.1)
  - FBSDKCoreKit/Basics (7.1.1)
  - FBSDKCoreKit/Core (7.1.1):
    - FBSDKCoreKit/Basics
  - FBSDKLoginKit (7.1.1):
    - FBSDKLoginKit/Login (= 7.1.1)
  - FBSDKLoginKit/Login (7.1.1):
    - FBSDKCoreKit (~> 7.1.1)
  - Flutter (1.0.0)
  - flutter_facebook_login (0.0.1):
    - FBSDKCoreKit (~> 7.0)
    - FBSDKLoginKit (~> 7.0)
    - Flutter

DEPENDENCIES:
  - Flutter (from `/Users/mike/Development/flutter/bin/cache/artifacts/engine/ios`)
  - flutter_facebook_login (from `/Users/mike/Development/flutter_facebook_login/ios`)

SPEC REPOS:
  trunk:
    - FBSDKCoreKit
    - FBSDKLoginKit

EXTERNAL SOURCES:
  Flutter:
    :path: "/Users/mike/Development/flutter/bin/cache/artifacts/engine/ios"
  flutter_facebook_login:
    :path: "/Users/mike/Development/flutter_facebook_login/ios"

SPEC CHECKSUMS:
  FBSDKCoreKit: b46507dc8b8cefed31d644e74d7cc30e2a715ef8
  FBSDKLoginKit: 1a61d79e2b25e2fc0d03dccab1e34b38bbdf2546
  Flutter: 0e3d915762c693b495b44d77113d4970485de6ec
  flutter_facebook_login: 8b66c68af062890f5c4a204fdc2b6d810e521f74

PODFILE CHECKSUM: 59f0fcca3b0f6308f9142e98f0297fe1b8be6b52

COCOAPODS: 1.9.3
